
Microsoft Visual Studio Solution File, Format Version 12.00
# Visual Studio Version 16
VisualStudioVersion = 16.0.30907.101
MinimumVisualStudioVersion = 10.0.40219.1
Project("{FAE04EC0-301F-11D3-BF4B-00C04F79EFBC}") = "UserRegistrationExceptions", "UserRegistrationExceptions\UserRegistrationExceptions.csproj", "{6ED9E9F9-522F-454B-97AF-322239BB22EC}"
EndProject
Global
	GlobalSection(SolutionConfigurationPlatforms) = preSolution
		Debug|Any CPU = Debug|Any CPU
		Release|Any CPU = Release|Any CPU
	EndGlobalSection
	GlobalSection(ProjectConfigurationPlatforms) = postSolution
		{6ED9E9F9-522F-454B-97AF-322239BB22EC}.Debug|Any CPU.ActiveCfg = Debug|Any CPU
		{6ED9E9F9-522F-454B-97AF-322239BB22EC}.Debug|Any CPU.Build.0 = Debug|Any CPU
		{6ED9E9F9-522F-454B-97AF-322239BB22EC}.Release|Any CPU.ActiveCfg = Release|Any CPU
		{6ED9E9F9-522F-454B-97AF-322239BB22EC}.Release|Any CPU.Build.0 = Release|Any CPU
	EndGlobalSection
	GlobalSection(SolutionProperties) = preSolution
		HideSolutionNode = FALSE
	EndGlobalSection
	GlobalSection(ExtensibilityGlobals) = postSolution
		SolutionGuid = {8E73C14F-977B-431B-99CF-DBDA11D051F0}
	EndGlobalSection
EndGlobal
